{
    "name": "ps-hash-neon",
    "version": "0.1.0-9",
    "lockfileVersion": 3,
    "requires": true,
    "packages": {
        "": {
            "name": "ps-hash-neon",
            "version": "0.1.0-9",
            "license": "GPL-3.0-or-later",
            "dependencies": {
                "@neon-rs/load": "^0.1.73"
            },
            "devDependencies": {
                "@neon-rs/cli": "^0.1.73",
                "@tsconfig/node20": "^20.1.4",
                "@types/node": "^20.11.16",
                "typescript": "^5.3.3"
            }
        },
        "node_modules/@cargo-messages/linux-x64-gnu": {
            "version": "0.1.80",
            "cpu": [
                "x64"
            ],
            "dev": true,
            "license": "MIT",
            "optional": true,
            "os": [
                "linux"
            ]
        },
        "node_modules/@cargo-messages/linux-x64-musl": {
            "version": "0.1.80",
            "cpu": [
                "x64"
            ],
            "dev": true,
            "license": "MIT",
            "optional": true,
            "os": [
                "linux"
            ]
        },
        "node_modules/@neon-rs/cli": {
            "version": "0.1.81",
            "dev": true,
            "license": "MIT",
            "bin": {
                "neon": "index.js"
            },
            "optionalDependencies": {
                "@cargo-messages/android-arm-eabi": "0.1.80",
                "@cargo-messages/darwin-arm64": "0.1.80",
                "@cargo-messages/darwin-x64": "0.1.80",
                "@cargo-messages/linux-arm-gnueabihf": "0.1.80",
                "@cargo-messages/linux-arm64-gnu": "0.1.80",
                "@cargo-messages/linux-arm64-musl": "0.1.80",
                "@cargo-messages/linux-x64-gnu": "0.1.80",
                "@cargo-messages/linux-x64-musl": "0.1.80",
                "@cargo-messages/win32-arm64-msvc": "0.1.80",
                "@cargo-messages/win32-x64-msvc": "0.1.80"
            }
        },
        "node_modules/@neon-rs/load": {
            "version": "0.1.81",
            "license": "MIT"
        },
        "node_modules/@tsconfig/node20": {
            "version": "20.1.4",
            "dev": true,
            "license": "MIT"
        },
        "node_modules/@types/node": {
            "version": "20.16.11",
            "dev": true,
            "license": "MIT",
            "dependencies": {
                "undici-types": "~6.19.2"
            }
        },
        "node_modules/typescript": {
            "version": "5.6.3",
            "dev": true,
            "license": "Apache-2.0",
            "bin": {
                "tsc": "bin/tsc",
                "tsserver": "bin/tsserver"
            },
            "engines": {
                "node": ">=14.17"
            }
        },
        "node_modules/undici-types": {
            "version": "6.19.8",
            "dev": true,
            "license": "MIT"
        }
    }
}
