# THIS IS AN AUTOGENERATED FILE. DO NOT EDIT THIS FILE DIRECTLY.
# yarn lockfile v1


"@cargo-messages/android-arm-eabi@0.1.80":
  version "0.1.80"
  resolved "https://registry.yarnpkg.com/@cargo-messages/android-arm-eabi/-/android-arm-eabi-0.1.80.tgz#4a3ec5c5c5731e3c4d053b8004de606d2cdd5ec4"
  integrity sha512-QawKsQCs8rYqtq8JSEQBLuX/Tb4FcMVzg8ykSxqYy0qrgunr26MCqxGSsgzTUu4S7y3OH3RXN9lD+/JJZJB81w==

"@cargo-messages/darwin-arm64@0.1.80":
  version "0.1.80"
  resolved "https://registry.yarnpkg.com/@cargo-messages/darwin-arm64/-/darwin-arm64-0.1.80.tgz#37a7b62561f29dbadf39e6fa52ee774dc2163826"
  integrity sha512-l7s5I90Eol597qEfbQn6P7EFyxcedRpcwjXAPOqjTR7D7dHzMIxVXeLmYeiwSUsebTeQ9FWBi5H9thxJDJdShw==

"@cargo-messages/darwin-x64@0.1.80":
  version "0.1.80"
  resolved "https://registry.yarnpkg.com/@cargo-messages/darwin-x64/-/darwin-x64-0.1.80.tgz#b52bd16816b192974411b6b4b30efc352c8363c8"
  integrity sha512-B8d5wjp3WosHh95nHX+MKHdb2n2/0PlajkuuULLy8sDPbC83mBoGQ6m15cY3g3nGiB9Wsot1GR6QkyaEVYZ5HQ==

"@cargo-messages/linux-arm-gnueabihf@0.1.80":
  version "0.1.80"
  resolved "https://registry.yarnpkg.com/@cargo-messages/linux-arm-gnueabihf/-/linux-arm-gnueabihf-0.1.80.tgz#ecae14c7aa4ccf628b2ef723a8f81365a92341ee"
  integrity sha512-q4vm0QJesAzMm0iOmTOMPQjVTgkQZCr1+NKluTb4343VDRceRQ6Hb01dzT2nm7dvsZYltP38WrsLavbrbXj08Q==

"@cargo-messages/linux-arm64-gnu@0.1.80":
  version "0.1.80"
  resolved "https://registry.yarnpkg.com/@cargo-messages/linux-arm64-gnu/-/linux-arm64-gnu-0.1.80.tgz#97f9ee0b6c6784de70746bf56db50fad3d7bb96b"
  integrity sha512-fz7iaDWF0dK51Dg9+UzHNMHt28jTU27OZLDXHwKhWsf6VSJUAmAaM5auwTjhUbF0HXKxueak6i4MdswyArcy3A==

"@cargo-messages/linux-arm64-musl@0.1.80":
  version "0.1.80"
  resolved "https://registry.yarnpkg.com/@cargo-messages/linux-arm64-musl/-/linux-arm64-musl-0.1.80.tgz#45196463b27233fbbab0043b84d5e1748a352261"
  integrity sha512-jgDDHZvWg3242zGwwlw9zx/tjMZEIjzef77T68p6BYSIlqEh8Xmla7rYO7QqaxsSdhs9QcJLLrWiAzOT2bkPYg==

"@cargo-messages/linux-x64-gnu@0.1.80":
  version "0.1.80"
  resolved "https://registry.yarnpkg.com/@cargo-messages/linux-x64-gnu/-/linux-x64-gnu-0.1.80.tgz#aecffef535a6b26827bc3a9ba6fb7db7603772a7"
  integrity sha512-Ku5OyfoxBdcQ7tYUyL7iBCZ46l7Tl0MDAmf9V/7D4K/NLIg02ducK1wrCQ+MaUAJu2pxu7gTgfR6SGeZtQOYoA==

"@cargo-messages/linux-x64-musl@0.1.80":
  version "0.1.80"
  resolved "https://registry.yarnpkg.com/@cargo-messages/linux-x64-musl/-/linux-x64-musl-0.1.80.tgz#96b5d807c2d39ca672d9d40f3c4e1dbb05c210a4"
  integrity sha512-/e5oQ6kSzEjdfzznqsMOtgqMc01MWYGI0yEn1iMwgB8K+cN9ma/sTXMVpKw7PRov2lQWCuSIhG3WZeF+PmloGA==

"@cargo-messages/win32-arm64-msvc@0.1.80":
  version "0.1.80"
  resolved "https://registry.yarnpkg.com/@cargo-messages/win32-arm64-msvc/-/win32-arm64-msvc-0.1.80.tgz#81ef880bf425355190c6351eb45835f9ba548f70"
  integrity sha512-8f8skn92zZDhZ74nh1ODp9eqV1XsGPlHITny+BQ+pOls0b62G39ECIkcdlGVeG0qBrR+8aJ6Tnr8KjqZXv7kwQ==

"@cargo-messages/win32-x64-msvc@0.1.80":
  version "0.1.80"
  resolved "https://registry.yarnpkg.com/@cargo-messages/win32-x64-msvc/-/win32-x64-msvc-0.1.80.tgz#6527963da64ef30cba0bcbcdc7fedc89df8cc6b3"
  integrity sha512-L6sM4HDOM09egXhyYhb1X9/IJZ056HHSfmEHCnnLw0NN5eotOhQS/Mp2rBmttMs6OAPjci4ugrNnTQcqzVd0BQ==

"@neon-rs/cli@^0.1.73":
  version "0.1.81"
  resolved "https://registry.yarnpkg.com/@neon-rs/cli/-/cli-0.1.81.tgz#7878df334cdbbb44d7a976480faa76f084a00abb"
  integrity sha512-7mfLsXjXBEypMn+AxdIkCGJNdX2i9NWbeZgLKdOUcFrEnvQAAcx8pjtouxL3a/AFKYRu4QKucnFO3G+07aydtg==
  optionalDependencies:
    "@cargo-messages/android-arm-eabi" "0.1.80"
    "@cargo-messages/darwin-arm64" "0.1.80"
    "@cargo-messages/darwin-x64" "0.1.80"
    "@cargo-messages/linux-arm-gnueabihf" "0.1.80"
    "@cargo-messages/linux-arm64-gnu" "0.1.80"
    "@cargo-messages/linux-arm64-musl" "0.1.80"
    "@cargo-messages/linux-x64-gnu" "0.1.80"
    "@cargo-messages/linux-x64-musl" "0.1.80"
    "@cargo-messages/win32-arm64-msvc" "0.1.80"
    "@cargo-messages/win32-x64-msvc" "0.1.80"

"@neon-rs/load@^0.1.73":
  version "0.1.81"
  resolved "https://registry.yarnpkg.com/@neon-rs/load/-/load-0.1.81.tgz#839eb34e79787c5799066436d7f5bdbe0e68fe66"
  integrity sha512-A6w26BOWkFNXw04nfmcC75mLiPd3HPYC/PAuNDlXswvNb/rf55qXpTqGSz2txJmc7V8UDfIE1CAq5FUjL9wOmQ==

"@tsconfig/node20@^20.1.4":
  version "20.1.4"
  resolved "https://registry.yarnpkg.com/@tsconfig/node20/-/node20-20.1.4.tgz#3457d42eddf12d3bde3976186ab0cd22b85df928"
  integrity sha512-sqgsT69YFeLWf5NtJ4Xq/xAF8p4ZQHlmGW74Nu2tD4+g5fAsposc4ZfaaPixVu4y01BEiDCWLRDCvDM5JOsRxg==

"@types/node@^20.11.16":
  version "20.16.11"
  resolved "https://registry.yarnpkg.com/@types/node/-/node-20.16.11.tgz#9b544c3e716b1577ac12e70f9145193f32750b33"
  integrity sha512-y+cTCACu92FyA5fgQSAI8A1H429g7aSK2HsO7K4XYUWc4dY5IUz55JSDIYT6/VsOLfGy8vmvQYC2hfb0iF16Uw==
  dependencies:
    undici-types "~6.19.2"

typescript@^5.3.3:
  version "5.6.3"
  resolved "https://registry.yarnpkg.com/typescript/-/typescript-5.6.3.tgz#5f3449e31c9d94febb17de03cc081dd56d81db5b"
  integrity sha512-hjcS1mhfuyi4WW8IWtjP7brDrG2cuDZukyrYrSauoXGNgx0S7zceP07adYkJycEr56BOUTNPzbInooiN3fn1qw==

undici-types@~6.19.2:
  version "6.19.8"
  resolved "https://registry.yarnpkg.com/undici-types/-/undici-types-6.19.8.tgz#35111c9d1437ab83a7cdc0abae2f26d88eda0a02"
  integrity sha512-ve2KP6f/JnbPBFyobGHuerC9g1FYGn/F8n1LWTwNxCEzd6IfqTwUQcNXgEtmmQ6DlRrC1hrSrBnCZPokRrDHjw==
